<?xml version="1.0" encoding="utf-8"?>
<Project ToolsVersion="4.0" xmlns="http://schemas.microsoft.com/developer/msbuild/2003">
  <ItemGroup>
    <Filter Include="Source Files">
      <UniqueIdentifier>{4FC737F1-C7A5-4376-A066-2A32D752A2FF}</UniqueIdentifier>
      <Extensions>cpp;c;cc;cxx;c++;cppm;ixx;def;odl;idl;hpj;bat;asm;asmx</Extensions>
    </Filter>
    <Filter Include="Header Files">
      <UniqueIdentifier>{93995380-89BD-4b04-88EB-625FBE52EBFB}</UniqueIdentifier>
      <Extensions>h;hh;hpp;hxx;h++;hm;inl;inc;ipp;xsd</Extensions>
    </Filter>
    <Filter Include="Resource Files">
      <UniqueIdentifier>{67DA6AB6-F800-4c08-8B7A-83BB121AAD01}</UniqueIdentifier>
      <Extensions>rc;ico;cur;bmp;dlg;rc2;rct;bin;rgs;gif;jpg;jpeg;jpe;resx;tiff;tif;png;wav;mfcribbon-ms</Extensions>
    </Filter>
  </ItemGroup>
  <ItemGroup>
    <ClCompile Include="Application.cpp">
      <Filter>Source Files</Filter>
    </ClCompile>
    <ClCompile Include="log.cpp">
      <Filter>Source Files</Filter>
    </ClCompile>
    <ClCompile Include="Main.cpp">
      <Filter>Source Files</Filter>
    </ClCompile>
    <ClCompile Include="Mesh.cpp">
      <Filter>Source Files</Filter>
    </ClCompile>
    <ClCompile Include="Model.cpp">
      <Filter>Source Files</Filter>
    </ClCompile>
    <ClCompile Include="ModuleCamera.cpp">
      <Filter>Source Files</Filter>
    </ClCompile>
    <ClCompile Include="ModuleDebugDraw.cpp">
      <Filter>Source Files</Filter>
    </ClCompile>
    <ClCompile Include="ModuleEditor.cpp">
      <Filter>Source Files</Filter>
    </ClCompile>
    <ClCompile Include="ModuleEngine.cpp">
      <Filter>Source Files</Filter>
    </ClCompile>
    <ClCompile Include="ModuleInput.cpp">
      <Filter>Source Files</Filter>
    </ClCompile>
    <ClCompile Include="ModuleProgram.cpp">
      <Filter>Source Files</Filter>
    </ClCompile>
    <ClCompile Include="ModuleRender.cpp">
      <Filter>Source Files</Filter>
    </ClCompile>
    <ClCompile Include="ModuleRenderExercise.cpp">
      <Filter>Source Files</Filter>
    </ClCompile>
    <ClCompile Include="ModuleTexture.cpp">
      <Filter>Source Files</Filter>
    </ClCompile>
    <ClCompile Include="ModuleWindow.cpp">
      <Filter>Source Files</Filter>
    </ClCompile>
    <ClCompile Include="External\ImGui\Include\GlueCode\imgui_impl_opengl3.cpp">
      <Filter>Source Files</Filter>
    </ClCompile>
    <ClCompile Include="External\ImGui\Include\GlueCode\imgui_impl_sdl.cpp">
      <Filter>Source Files</Filter>
    </ClCompile>
    <ClCompile Include="External\ImGui\Include\MainSource\imgui.cpp">
      <Filter>Source Files</Filter>
    </ClCompile>
    <ClCompile Include="External\ImGui\Include\MainSource\imgui_demo.cpp">
      <Filter>Source Files</Filter>
    </ClCompile>
    <ClCompile Include="External\ImGui\Include\MainSource\imgui_draw.cpp">
      <Filter>Source Files</Filter>
    </ClCompile>
    <ClCompile Include="External\ImGui\Include\MainSource\imgui_tables.cpp">
      <Filter>Source Files</Filter>
    </ClCompile>
    <ClCompile Include="External\ImGui\Include\MainSource\imgui_widgets.cpp">
      <Filter>Source Files</Filter>
    </ClCompile>
    <ClCompile Include="External\MathGeoLib\Algorithm\GJK.cpp">
      <Filter>Source Files</Filter>
    </ClCompile>
    <ClCompile Include="External\MathGeoLib\Algorithm\GJK2D.cpp">
      <Filter>Source Files</Filter>
    </ClCompile>
    <ClCompile Include="External\MathGeoLib\Algorithm\Random\LCG.cpp">
      <Filter>Source Files</Filter>
    </ClCompile>
    <ClCompile Include="External\MathGeoLib\Algorithm\SAT.cpp">
      <Filter>Source Files</Filter>
    </ClCompile>
    <ClCompile Include="External\MathGeoLib\Geometry\AABB.cpp">
      <Filter>Source Files</Filter>
    </ClCompile>
    <ClCompile Include="External\MathGeoLib\Geometry\Capsule.cpp">
      <Filter>Source Files</Filter>
    </ClCompile>
    <ClCompile Include="External\MathGeoLib\Geometry\Circle.cpp">
      <Filter>Source Files</Filter>
    </ClCompile>
    <ClCompile Include="External\MathGeoLib\Geometry\Circle2D.cpp">
      <Filter>Source Files</Filter>
    </ClCompile>
    <ClCompile Include="External\MathGeoLib\Geometry\Frustum.cpp">
      <Filter>Source Files</Filter>
    </ClCompile>
    <ClCompile Include="External\MathGeoLib\Geometry\Line.cpp">
      <Filter>Source Files</Filter>
    </ClCompile>
    <ClCompile Include="External\MathGeoLib\Geometry\LineSegment.cpp">
      <Filter>Source Files</Filter>
    </ClCompile>
    <ClCompile Include="External\MathGeoLib\Geometry\LineSegment2D.cpp">
      <Filter>Source Files</Filter>
    </ClCompile>
    <ClCompile Include="External\MathGeoLib\Geometry\OBB.cpp">
      <Filter>Source Files</Filter>
    </ClCompile>
    <ClCompile Include="External\MathGeoLib\Geometry\PBVolume.cpp">
      <Filter>Source Files</Filter>
    </ClCompile>
    <ClCompile Include="External\MathGeoLib\Geometry\Plane.cpp">
      <Filter>Source Files</Filter>
    </ClCompile>
    <ClCompile Include="External\MathGeoLib\Geometry\Polygon.cpp">
      <Filter>Source Files</Filter>
    </ClCompile>
    <ClCompile Include="External\MathGeoLib\Geometry\Polyhedron.cpp">
      <Filter>Source Files</Filter>
    </ClCompile>
    <ClCompile Include="External\MathGeoLib\Geometry\Ray.cpp">
      <Filter>Source Files</Filter>
    </ClCompile>
    <ClCompile Include="External\MathGeoLib\Geometry\Sphere.cpp">
      <Filter>Source Files</Filter>
    </ClCompile>
    <ClCompile Include="External\MathGeoLib\Geometry\Triangle.cpp">
      <Filter>Source Files</Filter>
    </ClCompile>
    <ClCompile Include="External\MathGeoLib\Geometry\Triangle2D.cpp">
      <Filter>Source Files</Filter>
    </ClCompile>
    <ClCompile Include="External\MathGeoLib\Geometry\TriangleMesh.cpp">
      <Filter>Source Files</Filter>
    </ClCompile>
    <ClCompile Include="External\MathGeoLib\Math\BitOps.cpp">
      <Filter>Source Files</Filter>
    </ClCompile>
    <ClCompile Include="External\MathGeoLib\Math\Callstack.cpp">
      <Filter>Source Files</Filter>
    </ClCompile>
    <ClCompile Include="External\MathGeoLib\Math\float2.cpp">
      <Filter>Source Files</Filter>
    </ClCompile>
    <ClCompile Include="External\MathGeoLib\Math\float3.cpp">
      <Filter>Source Files</Filter>
    </ClCompile>
    <ClCompile Include="External\MathGeoLib\Math\float3x3.cpp">
      <Filter>Source Files</Filter>
    </ClCompile>
    <ClCompile Include="External\MathGeoLib\Math\float3x4.cpp">
      <Filter>Source Files</Filter>
    </ClCompile>
    <ClCompile Include="External\MathGeoLib\Math\float4.cpp">
      <Filter>Source Files</Filter>
    </ClCompile>
    <ClCompile Include="External\MathGeoLib\Math\float4d.cpp">
      <Filter>Source Files</Filter>
    </ClCompile>
    <ClCompile Include="External\MathGeoLib\Math\float4x4.cpp">
      <Filter>Source Files</Filter>
    </ClCompile>
    <ClCompile Include="External\MathGeoLib\Math\grisu3.c">
      <Filter>Source Files</Filter>
    </ClCompile>
    <ClCompile Include="External\MathGeoLib\Math\grisu3_cpp.cpp">
      <Filter>Source Files</Filter>
    </ClCompile>
    <ClCompile Include="External\MathGeoLib\Math\MathFunc.cpp">
      <Filter>Source Files</Filter>
    </ClCompile>
    <ClCompile Include="External\MathGeoLib\Math\MathLog.cpp">
      <Filter>Source Files</Filter>
    </ClCompile>
    <ClCompile Include="External\MathGeoLib\Math\MathOps.cpp">
      <Filter>Source Files</Filter>
    </ClCompile>
    <ClCompile Include="External\MathGeoLib\Math\MiniFloat.cpp">
      <Filter>Source Files</Filter>
    </ClCompile>
    <ClCompile Include="External\MathGeoLib\Math\Polynomial.cpp">
      <Filter>Source Files</Filter>
    </ClCompile>
    <ClCompile Include="External\MathGeoLib\Math\Quat.cpp">
      <Filter>Source Files</Filter>
    </ClCompile>
    <ClCompile Include="External\MathGeoLib\Math\SSEMath.cpp">
      <Filter>Source Files</Filter>
    </ClCompile>
    <ClCompile Include="External\MathGeoLib\Math\TransformOps.cpp">
      <Filter>Source Files</Filter>
    </ClCompile>
    <ClCompile Include="External\MathGeoLib\Time\Clock.cpp">
      <Filter>Source Files</Filter>
    </ClCompile>
  </ItemGroup>
  <ItemGroup>
    <ClInclude Include="Application.h">
      <Filter>Header Files</Filter>
    </ClInclude>
    <ClInclude Include="debugdraw.h">
      <Filter>Header Files</Filter>
    </ClInclude>
    <ClInclude Include="debug_draw.hpp">
      <Filter>Header Files</Filter>
    </ClInclude>
    <ClInclude Include="Dummy.h">
      <Filter>Header Files</Filter>
    </ClInclude>
    <ClInclude Include="Globals.h">
      <Filter>Header Files</Filter>
    </ClInclude>
    <ClInclude Include="Mesh.h">
      <Filter>Header Files</Filter>
    </ClInclude>
    <ClInclude Include="Model.h">
      <Filter>Header Files</Filter>
    </ClInclude>
    <ClInclude Include="Module.h">
      <Filter>Header Files</Filter>
    </ClInclude>
    <ClInclude Include="ModuleCamera.h">
      <Filter>Header Files</Filter>
    </ClInclude>
    <ClInclude Include="ModuleDebugDraw.h">
      <Filter>Header Files</Filter>
    </ClInclude>
    <ClInclude Include="ModuleEditor.h">
      <Filter>Header Files</Filter>
    </ClInclude>
    <ClInclude Include="ModuleEngine.h">
      <Filter>Header Files</Filter>
    </ClInclude>
    <ClInclude Include="ModuleInput.h">
      <Filter>Header Files</Filter>
    </ClInclude>
    <ClInclude Include="ModuleProgram.h">
      <Filter>Header Files</Filter>
    </ClInclude>
    <ClInclude Include="ModuleRender.h">
      <Filter>Header Files</Filter>
    </ClInclude>
    <ClInclude Include="ModuleRenderExercise.h">
      <Filter>Header Files</Filter>
    </ClInclude>
    <ClInclude Include="ModuleTexture.h">
      <Filter>Header Files</Filter>
    </ClInclude>
    <ClInclude Include="ModuleWindow.h">
      <Filter>Header Files</Filter>
    </ClInclude>
    <ClInclude Include="stb_image.h">
      <Filter>Header Files</Filter>
    </ClInclude>
    <ClInclude Include="External\ImGui\Include\GlueCode\imgui_impl_opengl3.h">
      <Filter>Header Files</Filter>
    </ClInclude>
    <ClInclude Include="External\ImGui\Include\GlueCode\imgui_impl_opengl3_loader.h">
      <Filter>Header Files</Filter>
    </ClInclude>
    <ClInclude Include="External\ImGui\Include\GlueCode\imgui_impl_sdl.h">
      <Filter>Header Files</Filter>
    </ClInclude>
    <ClInclude Include="External\ImGui\Include\MainSource\imconfig.h">
      <Filter>Header Files</Filter>
    </ClInclude>
    <ClInclude Include="External\ImGui\Include\MainSource\imgui.h">
      <Filter>Header Files</Filter>
    </ClInclude>
    <ClInclude Include="External\ImGui\Include\MainSource\imgui_internal.h">
      <Filter>Header Files</Filter>
    </ClInclude>
    <ClInclude Include="External\ImGui\Include\MainSource\imstb_rectpack.h">
      <Filter>Header Files</Filter>
    </ClInclude>
    <ClInclude Include="External\ImGui\Include\MainSource\imstb_textedit.h">
      <Filter>Header Files</Filter>
    </ClInclude>
    <ClInclude Include="External\ImGui\Include\MainSource\imstb_truetype.h">
      <Filter>Header Files</Filter>
    </ClInclude>
    <ClInclude Include="External\MathGeoLib\Algorithm\GJK.h">
      <Filter>Header Files</Filter>
    </ClInclude>
    <ClInclude Include="External\MathGeoLib\Algorithm\GJK2D.h">
      <Filter>Header Files</Filter>
    </ClInclude>
    <ClInclude Include="External\MathGeoLib\Algorithm\Random\LCG.h">
      <Filter>Header Files</Filter>
    </ClInclude>
    <ClInclude Include="External\MathGeoLib\Algorithm\SAT.h">
      <Filter>Header Files</Filter>
    </ClInclude>
    <ClInclude Include="External\MathGeoLib\Geometry\AABB.h">
      <Filter>Header Files</Filter>
    </ClInclude>
    <ClInclude Include="External\MathGeoLib\Geometry\AABB2D.h">
      <Filter>Header Files</Filter>
    </ClInclude>
    <ClInclude Include="External\MathGeoLib\Geometry\Capsule.h">
      <Filter>Header Files</Filter>
    </ClInclude>
    <ClInclude Include="External\MathGeoLib\Geometry\Circle.h">
      <Filter>Header Files</Filter>
    </ClInclude>
    <ClInclude Include="External\MathGeoLib\Geometry\Circle2D.h">
      <Filter>Header Files</Filter>
    </ClInclude>
    <ClInclude Include="External\MathGeoLib\Geometry\Frustum.h">
      <Filter>Header Files</Filter>
    </ClInclude>
    <ClInclude Include="External\MathGeoLib\Geometry\GeometryAll.h">
      <Filter>Header Files</Filter>
    </ClInclude>
    <ClInclude Include="External\MathGeoLib\Geometry\GeomType.h">
      <Filter>Header Files</Filter>
    </ClInclude>
    <ClInclude Include="External\MathGeoLib\Geometry\HitInfo.h">
      <Filter>Header Files</Filter>
    </ClInclude>
    <ClInclude Include="External\MathGeoLib\Geometry\KDTree.h">
      <Filter>Header Files</Filter>
    </ClInclude>
    <ClInclude Include="External\MathGeoLib\Geometry\Line.h">
      <Filter>Header Files</Filter>
    </ClInclude>
    <ClInclude Include="External\MathGeoLib\Geometry\LineSegment.h">
      <Filter>Header Files</Filter>
    </ClInclude>
    <ClInclude Include="External\MathGeoLib\Geometry\LineSegment2D.h">
      <Filter>Header Files</Filter>
    </ClInclude>
    <ClInclude Include="External\MathGeoLib\Geometry\OBB.h">
      <Filter>Header Files</Filter>
    </ClInclude>
    <ClInclude Include="External\MathGeoLib\Geometry\OBB2D.h">
      <Filter>Header Files</Filter>
    </ClInclude>
    <ClInclude Include="External\MathGeoLib\Geometry\PBVolume.h">
      <Filter>Header Files</Filter>
    </ClInclude>
    <ClInclude Include="External\MathGeoLib\Geometry\Plane.h">
      <Filter>Header Files</Filter>
    </ClInclude>
    <ClInclude Include="External\MathGeoLib\Geometry\Polygon.h">
      <Filter>Header Files</Filter>
    </ClInclude>
    <ClInclude Include="External\MathGeoLib\Geometry\Polygon2DRef.h">
      <Filter>Header Files</Filter>
    </ClInclude>
    <ClInclude Include="External\MathGeoLib\Geometry\Polyhedron.h">
      <Filter>Header Files</Filter>
    </ClInclude>
    <ClInclude Include="External\MathGeoLib\Geometry\QuadTree.h">
      <Filter>Header Files</Filter>
    </ClInclude>
    <ClInclude Include="External\MathGeoLib\Geometry\Ray.h">
      <Filter>Header Files</Filter>
    </ClInclude>
    <ClInclude Include="External\MathGeoLib\Geometry\Sphere.h">
      <Filter>Header Files</Filter>
    </ClInclude>
    <ClInclude Include="External\MathGeoLib\Geometry\Triangle.h">
      <Filter>Header Files</Filter>
    </ClInclude>
    <ClInclude Include="External\MathGeoLib\Geometry\Triangle2D.h">
      <Filter>Header Files</Filter>
    </ClInclude>
    <ClInclude Include="External\MathGeoLib\Geometry\TriangleMesh.h">
      <Filter>Header Files</Filter>
    </ClInclude>
    <ClInclude Include="External\MathGeoLib\MathBuildConfig.h">
      <Filter>Header Files</Filter>
    </ClInclude>
    <ClInclude Include="External\MathGeoLib\MathGeoLib.h">
      <Filter>Header Files</Filter>
    </ClInclude>
    <ClInclude Include="External\MathGeoLib\MathGeoLibFwd.h">
      <Filter>Header Files</Filter>
    </ClInclude>
    <ClInclude Include="External\MathGeoLib\Math\assume.h">
      <Filter>Header Files</Filter>
    </ClInclude>
    <ClInclude Include="External\MathGeoLib\Math\BitFuncs.h">
      <Filter>Header Files</Filter>
    </ClInclude>
    <ClInclude Include="External\MathGeoLib\Math\BitOps.h">
      <Filter>Header Files</Filter>
    </ClInclude>
    <ClInclude Include="External\MathGeoLib\Math\Callstack.h">
      <Filter>Header Files</Filter>
    </ClInclude>
    <ClInclude Include="External\MathGeoLib\Math\FixedPoint.h">
      <Filter>Header Files</Filter>
    </ClInclude>
    <ClInclude Include="External\MathGeoLib\Math\float2.h">
      <Filter>Header Files</Filter>
    </ClInclude>
    <ClInclude Include="External\MathGeoLib\Math\float3.h">
      <Filter>Header Files</Filter>
    </ClInclude>
    <ClInclude Include="External\MathGeoLib\Math\float3x3.h">
      <Filter>Header Files</Filter>
    </ClInclude>
    <ClInclude Include="External\MathGeoLib\Math\float3x4.h">
      <Filter>Header Files</Filter>
    </ClInclude>
    <ClInclude Include="External\MathGeoLib\Math\float4.h">
      <Filter>Header Files</Filter>
    </ClInclude>
    <ClInclude Include="External\MathGeoLib\Math\float4d.h">
      <Filter>Header Files</Filter>
    </ClInclude>
    <ClInclude Include="External\MathGeoLib\Math\float4x4.h">
      <Filter>Header Files</Filter>
    </ClInclude>
    <ClInclude Include="External\MathGeoLib\Math\float4x4_neon.h">
      <Filter>Header Files</Filter>
    </ClInclude>
    <ClInclude Include="External\MathGeoLib\Math\float4x4_sse.h">
      <Filter>Header Files</Filter>
    </ClInclude>
    <ClInclude Include="External\MathGeoLib\Math\float4_neon.h">
      <Filter>Header Files</Filter>
    </ClInclude>
    <ClInclude Include="External\MathGeoLib\Math\float4_sse.h">
      <Filter>Header Files</Filter>
    </ClInclude>
    <ClInclude Include="External\MathGeoLib\Math\FloatCmp.h">
      <Filter>Header Files</Filter>
    </ClInclude>
    <ClInclude Include="External\MathGeoLib\Math\grisu3.h">
      <Filter>Header Files</Filter>
    </ClInclude>
    <ClInclude Include="External\MathGeoLib\Math\InclWindows.h">
      <Filter>Header Files</Filter>
    </ClInclude>
    <ClInclude Include="External\MathGeoLib\Math\Interpolate.h">
      <Filter>Header Files</Filter>
    </ClInclude>
    <ClInclude Include="External\MathGeoLib\Math\MathAll.h">
      <Filter>Header Files</Filter>
    </ClInclude>
    <ClInclude Include="External\MathGeoLib\Math\MathConstants.h">
      <Filter>Header Files</Filter>
    </ClInclude>
    <ClInclude Include="External\MathGeoLib\Math\MathFunc.h">
      <Filter>Header Files</Filter>
    </ClInclude>
    <ClInclude Include="External\MathGeoLib\Math\MathLog.h">
      <Filter>Header Files</Filter>
    </ClInclude>
    <ClInclude Include="External\MathGeoLib\Math\MathNamespace.h">
      <Filter>Header Files</Filter>
    </ClInclude>
    <ClInclude Include="External\MathGeoLib\Math\MathTypes.h">
      <Filter>Header Files</Filter>
    </ClInclude>
    <ClInclude Include="External\MathGeoLib\Math\MatrixProxy.h">
      <Filter>Header Files</Filter>
    </ClInclude>
    <ClInclude Include="External\MathGeoLib\Math\MiniFloat.h">
      <Filter>Header Files</Filter>
    </ClInclude>
    <ClInclude Include="External\MathGeoLib\Math\MultiLineMacro.h">
      <Filter>Header Files</Filter>
    </ClInclude>
    <ClInclude Include="External\MathGeoLib\Math\myassert.h">
      <Filter>Header Files</Filter>
    </ClInclude>
    <ClInclude Include="External\MathGeoLib\Math\Polynomial.h">
      <Filter>Header Files</Filter>
    </ClInclude>
    <ClInclude Include="External\MathGeoLib\Math\Quat.h">
      <Filter>Header Files</Filter>
    </ClInclude>
    <ClInclude Include="External\MathGeoLib\Math\quat_simd.h">
      <Filter>Header Files</Filter>
    </ClInclude>
    <ClInclude Include="External\MathGeoLib\Math\Rect.h">
      <Filter>Header Files</Filter>
    </ClInclude>
    <ClInclude Include="External\MathGeoLib\Math\Reinterpret.h">
      <Filter>Header Files</Filter>
    </ClInclude>
    <ClInclude Include="External\MathGeoLib\Math\simd.h">
      <Filter>Header Files</Filter>
    </ClInclude>
    <ClInclude Include="External\MathGeoLib\Math\SSEMath.h">
      <Filter>Header Files</Filter>
    </ClInclude>
    <ClInclude Include="External\MathGeoLib\Math\sse_mathfun.h">
      <Filter>Header Files</Filter>
    </ClInclude>
    <ClInclude Include="External\MathGeoLib\Math\Swap.h">
      <Filter>Header Files</Filter>
    </ClInclude>
    <ClInclude Include="External\MathGeoLib\Math\TransformOps.h">
      <Filter>Header Files</Filter>
    </ClInclude>
    <ClInclude Include="External\MathGeoLib\Math\vec2d.h">
      <Filter>Header Files</Filter>
    </ClInclude>
    <ClInclude Include="External\MathGeoLib\Time\Clock.h">
      <Filter>Header Files</Filter>
    </ClInclude>
  </ItemGroup>
  <ItemGroup>
    <None Include="External\MathGeoLib\Geometry\KDTree.inl">
      <Filter>Header Files</Filter>
    </None>
    <None Include="External\MathGeoLib\Geometry\QuadTree.inl">
      <Filter>Header Files</Filter>
    </None>
    <None Include="External\MathGeoLib\Geometry\TriangleMesh_IntersectRay_AVX.inl">
      <Filter>Header Files</Filter>
    </None>
    <None Include="External\MathGeoLib\Geometry\TriangleMesh_IntersectRay_CPP.inl">
      <Filter>Header Files</Filter>
    </None>
    <None Include="External\MathGeoLib\Geometry\TriangleMesh_IntersectRay_SSE.inl">
      <Filter>Header Files</Filter>
    </None>
    <None Include="External\MathGeoLib\Math\float2.inl">
      <Filter>Header Files</Filter>
    </None>
    <None Include="External\MathGeoLib\Math\Matrix.inl">
      <Filter>Header Files</Filter>
    </None>
  </ItemGroup>
</Project>